
Microsoft Visual Studio Solution File, Format Version 12.00
# Visual Studio Version 16
VisualStudioVersion = 16.0.30717.126
MinimumVisualStudioVersion = 10.0.40219.1
Project("{FAE04EC0-301F-11D3-BF4B-00C04F79EFBC}") = "Register Form", "Register Form\Register Form.csproj", "{0F14F324-2125-4752-A5C7-B6129AAB1DA0}"
EndProject
Global
	GlobalSection(SolutionConfigurationPlatforms) = preSolution
		Debug|Any CPU = Debug|Any CPU
		Release|Any CPU = Release|Any CPU
	EndGlobalSection
	GlobalSection(ProjectConfigurationPlatforms) = postSolution
		{0F14F324-2125-4752-A5C7-B6129AAB1DA0}.Debug|Any CPU.ActiveCfg = Debug|Any CPU
		{0F14F324-2125-4752-A5C7-B6129AAB1DA0}.Debug|Any CPU.Build.0 = Debug|Any CPU
		{0F14F324-2125-4752-A5C7-B6129AAB1DA0}.Release|Any CPU.ActiveCfg = Release|Any CPU
		{0F14F324-2125-4752-A5C7-B6129AAB1DA0}.Release|Any CPU.Build.0 = Release|Any CPU
	EndGlobalSection
	GlobalSection(SolutionProperties) = preSolution
		HideSolutionNode = FALSE
	EndGlobalSection
	GlobalSection(ExtensibilityGlobals) = postSolution
		SolutionGuid = {8E968C10-5322-4653-9409-E855F3D1566E}
	EndGlobalSection
EndGlobal
